
Microsoft Visual Studio Solution File, Format Version 12.00
# Visual Studio Version 16
VisualStudioVersion = 16.0.29519.87
MinimumVisualStudioVersion = 10.0.40219.1
Project("{FAE04EC0-301F-11D3-BF4B-00C04F79EFBC}") = "SampleCore", "SampleCore\SampleCore.csproj", "{84ECF346-115B-4D88-8A76-19D8F732F8EE}"
EndProject
Global
	GlobalSection(SolutionConfigurationPlatforms) = preSolution
		Debug|Any CPU = Debug|Any CPU
		Release|Any CPU = Release|Any CPU
	EndGlobalSection
	GlobalSection(ProjectConfigurationPlatforms) = postSolution
		{84ECF346-115B-4D88-8A76-19D8F732F8EE}.Debug|Any CPU.ActiveCfg = Debug|Any CPU
		{84ECF346-115B-4D88-8A76-19D8F732F8EE}.Debug|Any CPU.Build.0 = Debug|Any CPU
		{84ECF346-115B-4D88-8A76-19D8F732F8EE}.Release|Any CPU.ActiveCfg = Release|Any CPU
		{84ECF346-115B-4D88-8A76-19D8F732F8EE}.Release|Any CPU.Build.0 = Release|Any CPU
	EndGlobalSection
	GlobalSection(SolutionProperties) = preSolution
		HideSolutionNode = FALSE
	EndGlobalSection
	GlobalSection(ExtensibilityGlobals) = postSolution
		SolutionGuid = {22DAE47F-04C6-4726-A0F1-B18FD3341BEC}
	EndGlobalSection
EndGlobal
