
Microsoft Visual Studio Solution File, Format Version 12.00
# Visual Studio Version 16
VisualStudioVersion = 16.0.29503.13
MinimumVisualStudioVersion = 10.0.40219.1
Project("{FAE04EC0-301F-11D3-BF4B-00C04F79EFBC}") = "Yiwan.ThirdApi", "Yiwan.ThirdApi\Yiwan.ThirdApi.csproj", "{B4AA55E2-6F9F-472F-A8CE-52732DC3D406}"
EndProject
Project("{FAE04EC0-301F-11D3-BF4B-00C04F79EFBC}") = "Yiwan.Helpers", "Yiwan.Helpers\Yiwan.Helpers.csproj", "{6D58C0F1-CE44-45F6-B2FD-CE7BE7755C6C}"
EndProject
Project("{FAE04EC0-301F-11D3-BF4B-00C04F79EFBC}") = "Yiwan.TestOnCS", "Yiwan.TestOnCS\Yiwan.TestOnCS.csproj", "{0E0CB1BB-0F63-4B02-9360-278B3F100043}"
EndProject
Global
	GlobalSection(SolutionConfigurationPlatforms) = preSolution
		Debug|Any CPU = Debug|Any CPU
		Debug|x64 = Debug|x64
		Release|Any CPU = Release|Any CPU
		Release|x64 = Release|x64
	EndGlobalSection
	GlobalSection(ProjectConfigurationPlatforms) = postSolution
		{B4AA55E2-6F9F-472F-A8CE-52732DC3D406}.Debug|Any CPU.ActiveCfg = Debug|Any CPU
		{B4AA55E2-6F9F-472F-A8CE-52732DC3D406}.Debug|Any CPU.Build.0 = Debug|Any CPU
		{B4AA55E2-6F9F-472F-A8CE-52732DC3D406}.Debug|x64.ActiveCfg = Debug|x64
		{B4AA55E2-6F9F-472F-A8CE-52732DC3D406}.Debug|x64.Build.0 = Debug|x64
		{B4AA55E2-6F9F-472F-A8CE-52732DC3D406}.Release|Any CPU.ActiveCfg = Release|Any CPU
		{B4AA55E2-6F9F-472F-A8CE-52732DC3D406}.Release|Any CPU.Build.0 = Release|Any CPU
		{B4AA55E2-6F9F-472F-A8CE-52732DC3D406}.Release|x64.ActiveCfg = Release|x64
		{B4AA55E2-6F9F-472F-A8CE-52732DC3D406}.Release|x64.Build.0 = Release|x64
		{6D58C0F1-CE44-45F6-B2FD-CE7BE7755C6C}.Debug|Any CPU.ActiveCfg = Debug|Any CPU
		{6D58C0F1-CE44-45F6-B2FD-CE7BE7755C6C}.Debug|Any CPU.Build.0 = Debug|Any CPU
		{6D58C0F1-CE44-45F6-B2FD-CE7BE7755C6C}.Debug|x64.ActiveCfg = Debug|x64
		{6D58C0F1-CE44-45F6-B2FD-CE7BE7755C6C}.Debug|x64.Build.0 = Debug|x64
		{6D58C0F1-CE44-45F6-B2FD-CE7BE7755C6C}.Release|Any CPU.ActiveCfg = Release|Any CPU
		{6D58C0F1-CE44-45F6-B2FD-CE7BE7755C6C}.Release|Any CPU.Build.0 = Release|Any CPU
		{6D58C0F1-CE44-45F6-B2FD-CE7BE7755C6C}.Release|x64.ActiveCfg = Release|x64
		{6D58C0F1-CE44-45F6-B2FD-CE7BE7755C6C}.Release|x64.Build.0 = Release|x64
		{0E0CB1BB-0F63-4B02-9360-278B3F100043}.Debug|Any CPU.ActiveCfg = Debug|Any CPU
		{0E0CB1BB-0F63-4B02-9360-278B3F100043}.Debug|Any CPU.Build.0 = Debug|Any CPU
		{0E0CB1BB-0F63-4B02-9360-278B3F100043}.Debug|x64.ActiveCfg = Debug|x64
		{0E0CB1BB-0F63-4B02-9360-278B3F100043}.Debug|x64.Build.0 = Debug|x64
		{0E0CB1BB-0F63-4B02-9360-278B3F100043}.Release|Any CPU.ActiveCfg = Release|Any CPU
		{0E0CB1BB-0F63-4B02-9360-278B3F100043}.Release|Any CPU.Build.0 = Release|Any CPU
		{0E0CB1BB-0F63-4B02-9360-278B3F100043}.Release|x64.ActiveCfg = Release|x64
		{0E0CB1BB-0F63-4B02-9360-278B3F100043}.Release|x64.Build.0 = Release|x64
	EndGlobalSection
	GlobalSection(SolutionProperties) = preSolution
		HideSolutionNode = FALSE
	EndGlobalSection
	GlobalSection(ExtensibilityGlobals) = postSolution
		SolutionGuid = {4938A698-E155-41FD-A153-43199A9DD648}
	EndGlobalSection
EndGlobal
