
Microsoft Visual Studio Solution File, Format Version 12.00
# Visual Studio Version 16
VisualStudioVersion = 16.0.29503.13
MinimumVisualStudioVersion = 10.0.40219.1
Project("{FAE04EC0-301F-11D3-BF4B-00C04F79EFBC}") = "Yiwan.Utilities", "Yiwan.Utilities\Yiwan.Utilities.csproj", "{F4AB437E-81ED-465E-9B94-ECDAE8D378AA}"
EndProject
Global
	GlobalSection(SolutionConfigurationPlatforms) = preSolution
		Debug|Any CPU = Debug|Any CPU
		Release|Any CPU = Release|Any CPU
	EndGlobalSection
	GlobalSection(ProjectConfigurationPlatforms) = postSolution
		{F4AB437E-81ED-465E-9B94-ECDAE8D378AA}.Debug|Any CPU.ActiveCfg = Debug|Any CPU
		{F4AB437E-81ED-465E-9B94-ECDAE8D378AA}.Debug|Any CPU.Build.0 = Debug|Any CPU
		{F4AB437E-81ED-465E-9B94-ECDAE8D378AA}.Release|Any CPU.ActiveCfg = Release|Any CPU
		{F4AB437E-81ED-465E-9B94-ECDAE8D378AA}.Release|Any CPU.Build.0 = Release|Any CPU
	EndGlobalSection
	GlobalSection(SolutionProperties) = preSolution
		HideSolutionNode = FALSE
	EndGlobalSection
	GlobalSection(ExtensibilityGlobals) = postSolution
		SolutionGuid = {28D974B8-AAFD-42C4-AC76-9D7934BCF962}
	EndGlobalSection
EndGlobal
